
Microsoft Visual Studio Solution File, Format Version 12.00
# Visual Studio Version 16
VisualStudioVersion = 16.0.30517.126
MinimumVisualStudioVersion = 10.0.40219.1
Project("{FAE04EC0-301F-11D3-BF4B-00C04F79EFBC}") = "CreateLogITpe21", "CreateLogITpe21\CreateLogITpe21.csproj", "{CEEED4CC-DA5B-45CB-95F1-B46FDEAB5A44}"
EndProject
Project("{FAE04EC0-301F-11D3-BF4B-00C04F79EFBC}") = "MyFiles", "MyFiles\MyFiles.csproj", "{6B871018-DD12-401E-871E-13ED2B30E0ED}"
EndProject
Project("{FAE04EC0-301F-11D3-BF4B-00C04F79EFBC}") = "Quotes", "Quotes\Quotes.csproj", "{F5295389-1293-4617-933C-F72330ACD38B}"
EndProject
Project("{FAE04EC0-301F-11D3-BF4B-00C04F79EFBC}") = "ToDoList", "ToDoList\ToDoList.csproj", "{392BB547-A1D7-41C5-B86C-3BA1901E8B9B}"
EndProject
Global
	GlobalSection(SolutionConfigurationPlatforms) = preSolution
		Debug|Any CPU = Debug|Any CPU
		Release|Any CPU = Release|Any CPU
	EndGlobalSection
	GlobalSection(ProjectConfigurationPlatforms) = postSolution
		{CEEED4CC-DA5B-45CB-95F1-B46FDEAB5A44}.Debug|Any CPU.ActiveCfg = Debug|Any CPU
		{CEEED4CC-DA5B-45CB-95F1-B46FDEAB5A44}.Debug|Any CPU.Build.0 = Debug|Any CPU
		{CEEED4CC-DA5B-45CB-95F1-B46FDEAB5A44}.Release|Any CPU.ActiveCfg = Release|Any CPU
		{CEEED4CC-DA5B-45CB-95F1-B46FDEAB5A44}.Release|Any CPU.Build.0 = Release|Any CPU
		{6B871018-DD12-401E-871E-13ED2B30E0ED}.Debug|Any CPU.ActiveCfg = Debug|Any CPU
		{6B871018-DD12-401E-871E-13ED2B30E0ED}.Debug|Any CPU.Build.0 = Debug|Any CPU
		{6B871018-DD12-401E-871E-13ED2B30E0ED}.Release|Any CPU.ActiveCfg = Release|Any CPU
		{6B871018-DD12-401E-871E-13ED2B30E0ED}.Release|Any CPU.Build.0 = Release|Any CPU
		{F5295389-1293-4617-933C-F72330ACD38B}.Debug|Any CPU.ActiveCfg = Debug|Any CPU
		{F5295389-1293-4617-933C-F72330ACD38B}.Debug|Any CPU.Build.0 = Debug|Any CPU
		{F5295389-1293-4617-933C-F72330ACD38B}.Release|Any CPU.ActiveCfg = Release|Any CPU
		{F5295389-1293-4617-933C-F72330ACD38B}.Release|Any CPU.Build.0 = Release|Any CPU
		{392BB547-A1D7-41C5-B86C-3BA1901E8B9B}.Debug|Any CPU.ActiveCfg = Debug|Any CPU
		{392BB547-A1D7-41C5-B86C-3BA1901E8B9B}.Debug|Any CPU.Build.0 = Debug|Any CPU
		{392BB547-A1D7-41C5-B86C-3BA1901E8B9B}.Release|Any CPU.ActiveCfg = Release|Any CPU
		{392BB547-A1D7-41C5-B86C-3BA1901E8B9B}.Release|Any CPU.Build.0 = Release|Any CPU
	EndGlobalSection
	GlobalSection(SolutionProperties) = preSolution
		HideSolutionNode = FALSE
	EndGlobalSection
	GlobalSection(ExtensibilityGlobals) = postSolution
		SolutionGuid = {34D48F57-8AC8-42BA-9C00-2663CC333129}
	EndGlobalSection
EndGlobal
